github.com/koss-null/toadstool/contestmgr v0.0.0-20211012075006-d8480d08fe38 h1:Me4ummkFtw61oGOzMVRRkLm22XuDJc1hpHG/LaGv0yI=
github.com/koss-null/toadstool/contestmgr v0.0.0-20211012075006-d8480d08fe38/go.mod h1:SBL/W/7Ji17uvnBkMSc+K9nEGtD9FwcO9JMG93p0UdI=
github.com/koss-null/toadstool/contestmgr v0.0.0-20211014003602-1bfcbe76d7d0 h1:Apdc5QBn8HBa4BeRUW7BY3HofrFMeSqP1mqs/XQrqRM=
github.com/koss-null/toadstool/contestmgr v0.0.0-20211014003602-1bfcbe76d7d0/go.mod h1:uUHf0LinBlnDfjAYGbrsjeC3v+E2g5W5dhYBmUb59BQ=
